
Microsoft Visual Studio Solution File, Format Version 12.00
# Visual Studio Version 16
VisualStudioVersion = 16.0.31624.102
MinimumVisualStudioVersion = 10.0.40219.1
Project("{FAE04EC0-301F-11D3-BF4B-00C04F79EFBC}") = "RunaTest", "RunaTest\RunaTest.csproj", "{73CC3587-9DB8-4879-9461-003F73B07F98}"
EndProject
Global
	GlobalSection(SolutionConfigurationPlatforms) = preSolution
		Debug|Any CPU = Debug|Any CPU
		Release|Any CPU = Release|Any CPU
	EndGlobalSection
	GlobalSection(ProjectConfigurationPlatforms) = postSolution
		{73CC3587-9DB8-4879-9461-003F73B07F98}.Debug|Any CPU.ActiveCfg = Debug|Any CPU
		{73CC3587-9DB8-4879-9461-003F73B07F98}.Debug|Any CPU.Build.0 = Debug|Any CPU
		{73CC3587-9DB8-4879-9461-003F73B07F98}.Release|Any CPU.ActiveCfg = Release|Any CPU
		{73CC3587-9DB8-4879-9461-003F73B07F98}.Release|Any CPU.Build.0 = Release|Any CPU
	EndGlobalSection
	GlobalSection(SolutionProperties) = preSolution
		HideSolutionNode = FALSE
	EndGlobalSection
	GlobalSection(ExtensibilityGlobals) = postSolution
		SolutionGuid = {4B4A9B3A-6526-4F82-8578-3677FEAA4A42}
	EndGlobalSection
EndGlobal
